
Microsoft Visual Studio Solution File, Format Version 12.00
# Visual Studio Version 17
VisualStudioVersion = 17.14.36327.8 d17.14
MinimumVisualStudioVersion = 10.0.40219.1
Project("{FAE04EC0-301F-11D3-BF4B-00C04F79EFBC}") = "ConsoleApp1", "ConsoleApp1\ConsoleApp1.csproj", "{FA8186B6-65C1-4830-AF05-ED28BB226698}"
EndProject
Global
	GlobalSection(SolutionConfigurationPlatforms) = preSolution
		Debug|Any CPU = Debug|Any CPU
		Release|Any CPU = Release|Any CPU
	EndGlobalSection
	GlobalSection(ProjectConfigurationPlatforms) = postSolution
		{FA8186B6-65C1-4830-AF05-ED28BB226698}.Debug|Any CPU.ActiveCfg = Debug|Any CPU
		{FA8186B6-65C1-4830-AF05-ED28BB226698}.Debug|Any CPU.Build.0 = Debug|Any CPU
		{FA8186B6-65C1-4830-AF05-ED28BB226698}.Release|Any CPU.ActiveCfg = Release|Any CPU
		{FA8186B6-65C1-4830-AF05-ED28BB226698}.Release|Any CPU.Build.0 = Release|Any CPU
	EndGlobalSection
	GlobalSection(SolutionProperties) = preSolution
		HideSolutionNode = FALSE
	EndGlobalSection
	GlobalSection(ExtensibilityGlobals) = postSolution
		SolutionGuid = {A4DF6739-2F17-4897-8DC4-79AA9A13C8BA}
	EndGlobalSection
EndGlobal
